// !$*UTF8*$!
{
	archiveVersion = 1;
	classes = {
	};
	objectVersion = 55;
	objects = {

/* Begin PBXBuildFile section */
		BFF3343E2798385200838BA1 /* AppDelegate.swift in Sources */ = {isa = PBXBuildFile; fileRef = BFF3343D2798385200838BA1 /* AppDelegate.swift */; };
		BFF334402798385200838BA1 /* SceneDelegate.swift in Sources */ = {isa = PBXBuildFile; fileRef = BFF3343F2798385200838BA1 /* SceneDelegate.swift */; };
		BFF334422798385200838BA1 /* ViewController.swift in Sources */ = {isa = PBXBuildFile; fileRef = BFF334412798385200838BA1 /* ViewController.swift */; };
		BFF334452798385200838BA1 /* Main.storyboard in Resources */ = {isa = PBXBuildFile; fileRef = BFF334432798385200838BA1 /* Main.storyboard */; };
		BFF334472798385200838BA1 /* Assets.xcassets in Resources */ = {isa = PBXBuildFile; fileRef = BFF334462798385200838BA1 /* Assets.xcassets */; };
		BFF3344A2798385200838BA1 /* LaunchScreen.storyboard in Resources */ = {isa = PBXBuildFile; fileRef = BFF334482798385200838BA1 /* LaunchScreen.storyboard */; };
		BFF334552798385300838BA1 /* TriangleAppTDDTests.swift in Sources */ = {isa = PBXBuildFile; fileRef = BFF334542798385300838BA1 /* TriangleAppTDDTests.swift */; };
		BFF3345F2798385300838BA1 /* TriangleAppTDDUITests.swift in Sources */ = {isa = PBXBuildFile; fileRef = BFF3345E2798385300838BA1 /* TriangleAppTDDUITests.swift */; };
		BFF334612798385300838BA1 /* TriangleAppTDDUITestsLaunchTests.swift in Sources */ = {isa = PBXBuildFile; fileRef = BFF334602798385300838BA1 /* TriangleAppTDDUITestsLaunchTests.swift */; };
/* End PBXBuildFile section */

/* Begin PBXContainerItemProxy section */
		BFF334512798385300838BA1 /* PBXContainerItemProxy */ = {
			isa = PBXContainerItemProxy;
			containerPortal = BFF334322798385200838BA1 /* Project object */;
			proxyType = 1;
			remoteGlobalIDString = BFF334392798385200838BA1;
			remoteInfo = TriangleAppTDD;
		};
		BFF3345B2798385300838BA1 /* PBXContainerItemProxy */ = {
			isa = PBXContainerItemProxy;
			containerPortal = BFF334322798385200838BA1 /* Project object */;
			proxyType = 1;
			remoteGlobalIDString = BFF334392798385200838BA1;
			remoteInfo = TriangleAppTDD;
		};
/* End PBXContainerItemProxy section */

/* Begin PBXFileReference section */
		BFF3343A2798385200838BA1 /* TriangleAppTDD.app */ = {isa = PBXFileReference; explicitFileType = wrapper.application; includeInIndex = 0; path = TriangleAppTDD.app; sourceTree = BUILT_PRODUCTS_DIR; };
		BFF3343D2798385200838BA1 /* AppDelegate.swift */ = {isa = PBXFileReference; lastKnownFileType = sourcecode.swift; path = AppDelegate.swift; sourceTree = "<group>"; };
		BFF3343F2798385200838BA1 /* SceneDelegate.swift */ = {isa = PBXFileReference; lastKnownFileType = sourcecode.swift; path = SceneDelegate.swift; sourceTree = "<group>"; };
		BFF334412798385200838BA1 /* ViewController.swift */ = {isa = PBXFileReference; lastKnownFileType = sourcecode.swift; path = ViewController.swift; sourceTree = "<group>"; };
		BFF334442798385200838BA1 /* Base */ = {isa = PBXFileReference; lastKnownFileType = file.storyboard; name = Base; path = Base.lproj/Main.storyboard; sourceTree = "<group>"; };
		BFF334462798385200838BA1 /* Assets.xcassets */ = {isa = PBXFileReference; lastKnownFileType = folder.assetcatalog; path = Assets.xcassets; sourceTree = "<group>"; };
		BFF334492798385200838BA1 /* Base */ = {isa = PBXFileReference; lastKnownFileType = file.storyboard; name = Base; path = Base.lproj/LaunchScreen.storyboard; sourceTree = "<group>"; };
		BFF3344B2798385200838BA1 /* Info.plist */ = {isa = PBXFileReference; lastKnownFileType = text.plist.xml; path = Info.plist; sourceTree = "<group>"; };
		BFF334502798385300838BA1 /* TriangleAppTDDTests.xctest */ = {isa = PBXFileReference; explicitFileType = wrapper.cfbundle; includeInIndex = 0; path = TriangleAppTDDTests.xctest; sourceTree = BUILT_PRODUCTS_DIR; };
		BFF334542798385300838BA1 /* TriangleAppTDDTests.swift */ = {isa = PBXFileReference; lastKnownFileType = sourcecode.swift; path = TriangleAppTDDTests.swift; sourceTree = "<group>"; };
		BFF3345A2798385300838BA1 /* TriangleAppTDDUITests.xctest */ = {isa = PBXFileReference; explicitFileType = wrapper.cfbundle; includeInIndex = 0; path = TriangleAppTDDUITests.xctest; sourceTree = BUILT_PRODUCTS_DIR; };
		BFF3345E2798385300838BA1 /* TriangleAppTDDUITests.swift */ = {isa = PBXFileReference; lastKnownFileType = sourcecode.swift; path = TriangleAppTDDUITests.swift; sourceTree = "<group>"; };
		BFF334602798385300838BA1 /* TriangleAppTDDUITestsLaunchTests.swift */ = {isa = PBXFileReference; lastKnownFileType = sourcecode.swift; path = TriangleAppTDDUITestsLaunchTests.swift; sourceTree = "<group>"; };
/* End PBXFileReference section */

/* Begin PBXFrameworksBuildPhase section */
		BFF334372798385200838BA1 /* Frameworks */ = {
			isa = PBXFrameworksBuildPhase;
			buildActionMask = 2147483647;
			files = (
			);
			runOnlyForDeploymentPostprocessing = 0;
		};
		BFF3344D2798385300838BA1 /* Frameworks */ = {
			isa = PBXFrameworksBuildPhase;
			buildActionMask = 2147483647;
			files = (
			);
			runOnlyForDeploymentPostprocessing = 0;
		};
		BFF334572798385300838BA1 /* Frameworks */ = {
			isa = PBXFrameworksBuildPhase;
			buildActionMask = 2147483647;
			files = (
			);
			runOnlyForDeploymentPostprocessing = 0;
		};
/* End PBXFrameworksBuildPhase section */

/* Begin PBXGroup section */
		BFF334312798385200838BA1 = {
			isa = PBXGroup;
			children = (
				BFF3343C2798385200838BA1 /* TriangleAppTDD */,
				BFF334532798385300838BA1 /* TriangleAppTDDTests */,
				BFF3345D2798385300838BA1 /* TriangleAppTDDUITests */,
				BFF3343B2798385200838BA1 /* Products */,
			);
			sourceTree = "<group>";
		};
		BFF3343B2798385200838BA1 /* Products */ = {
			isa = PBXGroup;
			children = (
				BFF3343A2798385200838BA1 /* TriangleAppTDD.app */,
				BFF334502798385300838BA1 /* TriangleAppTDDTests.xctest */,
				BFF3345A2798385300838BA1 /* TriangleAppTDDUITests.xctest */,
			);
			name = Products;
			sourceTree = "<group>";
		};
		BFF3343C2798385200838BA1 /* TriangleAppTDD */ = {
			isa = PBXGroup;
			children = (
				BFF3343D2798385200838BA1 /* AppDelegate.swift */,
				BFF3343F2798385200838BA1 /* SceneDelegate.swift */,
				BFF334412798385200838BA1 /* ViewController.swift */,
				BFF334432798385200838BA1 /* Main.storyboard */,
				BFF334462798385200838BA1 /* Assets.xcassets */,
				BFF334482798385200838BA1 /* LaunchScreen.storyboard */,
				BFF3344B2798385200838BA1 /* Info.plist */,
			);
			path = TriangleAppTDD;
			sourceTree = "<group>";
		};
		BFF334532798385300838BA1 /* TriangleAppTDDTests */ = {
			isa = PBXGroup;
			children = (
				BFF334542798385300838BA1 /* TriangleAppTDDTests.swift */,
			);
			path = TriangleAppTDDTests;
			sourceTree = "<group>";
		};
		BFF3345D2798385300838BA1 /* TriangleAppTDDUITests */ = {
			isa = PBXGroup;
			children = (
				BFF3345E2798385300838BA1 /* TriangleAppTDDUITests.swift */,
				BFF334602798385300838BA1 /* TriangleAppTDDUITestsLaunchTests.swift */,
			);
			path = TriangleAppTDDUITests;
			sourceTree = "<group>";
		};
/* End PBXGroup section */

/* Begin PBXNativeTarget section */
		BFF334392798385200838BA1 /* TriangleAppTDD */ = {
			isa = PBXNativeTarget;
			buildConfigurationList = BFF334642798385300838BA1 /* Build configuration list for PBXNativeTarget "TriangleAppTDD" */;
			buildPhases = (
				BFF334362798385200838BA1 /* Sources */,
				BFF334372798385200838BA1 /* Frameworks */,
				BFF334382798385200838BA1 /* Resources */,
			);
			buildRules = (
			);
			dependencies = (
			);
			name = TriangleAppTDD;
			productName = TriangleAppTDD;
			productReference = BFF3343A2798385200838BA1 /* TriangleAppTDD.app */;
			productType = "com.apple.product-type.application";
		};
		BFF3344F2798385300838BA1 /* TriangleAppTDDTests */ = {
			isa = PBXNativeTarget;
			buildConfigurationList = BFF334672798385300838BA1 /* Build configuration list for PBXNativeTarget "TriangleAppTDDTests" */;
			buildPhases = (
				BFF3344C2798385300838BA1 /* Sources */,
				BFF3344D2798385300838BA1 /* Frameworks */,
				BFF3344E2798385300838BA1 /* Resources */,
			);
			buildRules = (
			);
			dependencies = (
				BFF334522798385300838BA1 /* PBXTargetDependency */,
			);
			name = TriangleAppTDDTests;
			productName = TriangleAppTDDTests;
			productReference = BFF334502798385300838BA1 /* TriangleAppTDDTests.xctest */;
			productType = "com.apple.product-type.bundle.unit-test";
		};
		BFF334592798385300838BA1 /* TriangleAppTDDUITests */ = {
			isa = PBXNativeTarget;
			buildConfigurationList = BFF3346A2798385300838BA1 /* Build configuration list for PBXNativeTarget "TriangleAppTDDUITests" */;
			buildPhases = (
				BFF334562798385300838BA1 /* Sources */,
				BFF334572798385300838BA1 /* Frameworks */,
				BFF334582798385300838BA1 /* Resources */,
			);
			buildRules = (
			);
			dependencies = (
				BFF3345C2798385300838BA1 /* PBXTargetDependency */,
			);
			name = TriangleAppTDDUITests;
			productName = TriangleAppTDDUITests;
			productReference = BFF3345A2798385300838BA1 /* TriangleAppTDDUITests.xctest */;
			productType = "com.apple.product-type.bundle.ui-testing";
		};
/* End PBXNativeTarget section */

/* Begin PBXProject section */
		BFF334322798385200838BA1 /* Project object */ = {
			isa = PBXProject;
			attributes = {
				BuildIndependentTargetsInParallel = 1;
				LastSwiftUpdateCheck = 1320;
				LastUpgradeCheck = 1320;
				TargetAttributes = {
					BFF334392798385200838BA1 = {
						CreatedOnToolsVersion = 13.2;
					};
					BFF3344F2798385300838BA1 = {
						CreatedOnToolsVersion = 13.2;
						TestTargetID = BFF334392798385200838BA1;
					};
					BFF334592798385300838BA1 = {
						CreatedOnToolsVersion = 13.2;
						TestTargetID = BFF334392798385200838BA1;
					};
				};
			};
			buildConfigurationList = BFF334352798385200838BA1 /* Build configuration list for PBXProject "TriangleAppTDD" */;
			compatibilityVersion = "Xcode 13.0";
			developmentRegion = en;
			hasScannedForEncodings = 0;
			knownRegions = (
				en,
				Base,
			);
			mainGroup = BFF334312798385200838BA1;
			productRefGroup = BFF3343B2798385200838BA1 /* Products */;
			projectDirPath = "";
			projectRoot = "";
			targets = (
				BFF334392798385200838BA1 /* TriangleAppTDD */,
				BFF3344F2798385300838BA1 /* TriangleAppTDDTests */,
				BFF334592798385300838BA1 /* TriangleAppTDDUITests */,
			);
		};
/* End PBXProject section */

/* Begin PBXResourcesBuildPhase section */
		BFF334382798385200838BA1 /* Resources */ = {
			isa = PBXResourcesBuildPhase;
			buildActionMask = 2147483647;
			files = (
				BFF3344A2798385200838BA1 /* LaunchScreen.storyboard in Resources */,
				BFF334472798385200838BA1 /* Assets.xcassets in Resources */,
				BFF334452798385200838BA1 /* Main.storyboard in Resources */,
			);
			runOnlyForDeploymentPostprocessing = 0;
		};
		BFF3344E2798385300838BA1 /* Resources */ = {
			isa = PBXResourcesBuildPhase;
			buildActionMask = 2147483647;
			files = (
			);
			runOnlyForDeploymentPostprocessing = 0;
		};
		BFF334582798385300838BA1 /* Resources */ = {
			isa = PBXResourcesBuildPhase;
			buildActionMask = 2147483647;
			files = (
			);
			runOnlyForDeploymentPostprocessing = 0;
		};
/* End PBXResourcesBuildPhase section */

/* Begin PBXSourcesBuildPhase section */
		BFF334362798385200838BA1 /* Sources */ = {
			isa = PBXSourcesBuildPhase;
			buildActionMask = 2147483647;
			files = (
				BFF334422798385200838BA1 /* ViewController.swift in Sources */,
				BFF3343E2798385200838BA1 /* AppDelegate.swift in Sources */,
				BFF334402798385200838BA1 /* SceneDelegate.swift in Sources */,
			);
			runOnlyForDeploymentPostprocessing = 0;
		};
		BFF3344C2798385300838BA1 /* Sources */ = {
			isa = PBXSourcesBuildPhase;
			buildActionMask = 2147483647;
			files = (
				BFF334552798385300838BA1 /* TriangleAppTDDTests.swift in Sources */,
			);
			runOnlyForDeploymentPostprocessing = 0;
		};
		BFF334562798385300838BA1 /* Sources */ = {
			isa = PBXSourcesBuildPhase;
			buildActionMask = 2147483647;
			files = (
				BFF3345F2798385300838BA1 /* TriangleAppTDDUITests.swift in Sources */,
				BFF334612798385300838BA1 /* TriangleAppTDDUITestsLaunchTests.swift in Sources */,
			);
			runOnlyForDeploymentPostprocessing = 0;
		};
/* End PBXSourcesBuildPhase section */

/* Begin PBXTargetDependency section */
		BFF334522798385300838BA1 /* PBXTargetDependency */ = {
			isa = PBXTargetDependency;
			target = BFF334392798385200838BA1 /* TriangleAppTDD */;
			targetProxy = BFF334512798385300838BA1 /* PBXContainerItemProxy */;
		};
		BFF3345C2798385300838BA1 /* PBXTargetDependency */ = {
			isa = PBXTargetDependency;
			target = BFF334392798385200838BA1 /* TriangleAppTDD */;
			targetProxy = BFF3345B2798385300838BA1 /* PBXContainerItemProxy */;
		};
/* End PBXTargetDependency section */

/* Begin PBXVariantGroup section */
		BFF334432798385200838BA1 /* Main.storyboard */ = {
			isa = PBXVariantGroup;
			children = (
				BFF334442798385200838BA1 /* Base */,
			);
			name = Main.storyboard;
			sourceTree = "<group>";
		};
		BFF334482798385200838BA1 /* LaunchScreen.storyboard */ = {
			isa = PBXVariantGroup;
			children = (
				BFF334492798385200838BA1 /* Base */,
			);
			name = LaunchScreen.storyboard;
			sourceTree = "<group>";
		};
/* End PBXVariantGroup section */

/* Begin XCBuildConfiguration section */
		BFF334622798385300838BA1 /* Debug */ = {
			isa = XCBuildConfiguration;
			buildSettings = {
				ALWAYS_SEARCH_USER_PATHS = NO;
				CLANG_ANALYZER_NONNULL = YES;
				CLANG_ANALYZER_NUMBER_OBJECT_CONVERSION = YES_AGGRESSIVE;
				CLANG_CXX_LANGUAGE_STANDARD = "gnu++17";
				CLANG_CXX_LIBRARY = "libc++";
				CLANG_ENABLE_MODULES = YES;
				CLANG_ENABLE_OBJC_ARC = YES;
				CLANG_ENABLE_OBJC_WEAK = YES;
				CLANG_WARN_BLOCK_CAPTURE_AUTORELEASING = YES;
				CLANG_WARN_BOOL_CONVERSION = YES;
				CLANG_WARN_COMMA = YES;
				CLANG_WARN_CONSTANT_CONVERSION = YES;
				CLANG_WARN_DEPRECATED_OBJC_IMPLEMENTATIONS = YES;
				CLANG_WARN_DIRECT_OBJC_ISA_USAGE = YES_ERROR;
				CLANG_WARN_DOCUMENTATION_COMMENTS = YES;
				CLANG_WARN_EMPTY_BODY = YES;
				CLANG_WARN_ENUM_CONVERSION = YES;
				CLANG_WARN_INFINITE_RECURSION = YES;
				CLANG_WARN_INT_CONVERSION = YES;
				CLANG_WARN_NON_LITERAL_NULL_CONVERSION = YES;
				CLANG_WARN_OBJC_IMPLICIT_RETAIN_SELF = YES;
				CLANG_WARN_OBJC_LITERAL_CONVERSION = YES;
				CLANG_WARN_OBJC_ROOT_CLASS = YES_ERROR;
				CLANG_WARN_QUOTED_INCLUDE_IN_FRAMEWORK_HEADER = YES;
				CLANG_WARN_RANGE_LOOP_ANALYSIS = YES;
				CLANG_WARN_STRICT_PROTOTYPES = YES;
				CLANG_WARN_SUSPICIOUS_MOVE = YES;
				CLANG_WARN_UNGUARDED_AVAILABILITY = YES_AGGRESSIVE;
				CLANG_WARN_UNREACHABLE_CODE = YES;
				CLANG_WARN__DUPLICATE_METHOD_MATCH = YES;
				COPY_PHASE_STRIP = NO;
				DEBUG_INFORMATION_FORMAT = dwarf;
				ENABLE_STRICT_OBJC_MSGSEND = YES;
				ENABLE_TESTABILITY = YES;
				GCC_C_LANGUAGE_STANDARD = gnu11;
				GCC_DYNAMIC_NO_PIC = NO;
				GCC_NO_COMMON_BLOCKS = YES;
				GCC_OPTIMIZATION_LEVEL = 0;
				GCC_PREPROCESSOR_DEFINITIONS = (
					"DEBUG=1",
					"$(inherited)",
				);
				GCC_WARN_64_TO_32_BIT_CONVERSION = YES;
				GCC_WARN_ABOUT_RETURN_TYPE = YES_ERROR;
				GCC_WARN_UNDECLARED_SELECTOR = YES;
				GCC_WARN_UNINITIALIZED_AUTOS = YES_AGGRESSIVE;
				GCC_WARN_UNUSED_FUNCTION = YES;
				GCC_WARN_UNUSED_VARIABLE = YES;
				IPHONEOS_DEPLOYMENT_TARGET = 15.2;
				MTL_ENABLE_DEBUG_INFO = INCLUDE_SOURCE;
				MTL_FAST_MATH = YES;
				ONLY_ACTIVE_ARCH = YES;
				SDKROOT = iphoneos;
				SWIFT_ACTIVE_COMPILATION_CONDITIONS = DEBUG;
				SWIFT_OPTIMIZATION_LEVEL = "-Onone";
			};
			name = Debug;
		};
		BFF334632798385300838BA1 /* Release */ = {
			isa = XCBuildConfiguration;
			buildSettings = {
				ALWAYS_SEARCH_USER_PATHS = NO;
				CLANG_ANALYZER_NONNULL = YES;
				CLANG_ANALYZER_NUMBER_OBJECT_CONVERSION = YES_AGGRESSIVE;
				CLANG_CXX_LANGUAGE_STANDARD = "gnu++17";
				CLANG_CXX_LIBRARY = "libc++";
				CLANG_ENABLE_MODULES = YES;
				CLANG_ENABLE_OBJC_ARC = YES;
				CLANG_ENABLE_OBJC_WEAK = YES;
				CLANG_WARN_BLOCK_CAPTURE_AUTORELEASING = YES;
				CLANG_WARN_BOOL_CONVERSION = YES;
				CLANG_WARN_COMMA = YES;
				CLANG_WARN_CONSTANT_CONVERSION = YES;
				CLANG_WARN_DEPRECATED_OBJC_IMPLEMENTATIONS = YES;
				CLANG_WARN_DIRECT_OBJC_ISA_USAGE = YES_ERROR;
				CLANG_WARN_DOCUMENTATION_COMMENTS = YES;
				CLANG_WARN_EMPTY_BODY = YES;
				CLANG_WARN_ENUM_CONVERSION = YES;
				CLANG_WARN_INFINITE_RECURSION = YES;
				CLANG_WARN_INT_CONVERSION = YES;
				CLANG_WARN_NON_LITERAL_NULL_CONVERSION = YES;
				CLANG_WARN_OBJC_IMPLICIT_RETAIN_SELF = YES;
				CLANG_WARN_OBJC_LITERAL_CONVERSION = YES;
				CLANG_WARN_OBJC_ROOT_CLASS = YES_ERROR;
				CLANG_WARN_QUOTED_INCLUDE_IN_FRAMEWORK_HEADER = YES;
				CLANG_WARN_RANGE_LOOP_ANALYSIS = YES;
				CLANG_WARN_STRICT_PROTOTYPES = YES;
				CLANG_WARN_SUSPICIOUS_MOVE = YES;
				CLANG_WARN_UNGUARDED_AVAILABILITY = YES_AGGRESSIVE;
				CLANG_WARN_UNREACHABLE_CODE = YES;
				CLANG_WARN__DUPLICATE_METHOD_MATCH = YES;
				COPY_PHASE_STRIP = NO;
				DEBUG_INFORMATION_FORMAT = "dwarf-with-dsym";
				ENABLE_NS_ASSERTIONS = NO;
				ENABLE_STRICT_OBJC_MSGSEND = YES;
				GCC_C_LANGUAGE_STANDARD = gnu11;
				GCC_NO_COMMON_BLOCKS = YES;
				GCC_WARN_64_TO_32_BIT_CONVERSION = YES;
				GCC_WARN_ABOUT_RETURN_TYPE = YES_ERROR;
				GCC_WARN_UNDECLARED_SELECTOR = YES;
				GCC_WARN_UNINITIALIZED_AUTOS = YES_AGGRESSIVE;
				GCC_WARN_UNUSED_FUNCTION = YES;
				GCC_WARN_UNUSED_VARIABLE = YES;
				IPHONEOS_DEPLOYMENT_TARGET = 15.2;
				MTL_ENABLE_DEBUG_INFO = NO;
				MTL_FAST_MATH = YES;
				SDKROOT = iphoneos;
				SWIFT_COMPILATION_MODE = wholemodule;
				SWIFT_OPTIMIZATION_LEVEL = "-O";
				VALIDATE_PRODUCT = YES;
			};
			name = Release;
		};
		BFF334652798385300838BA1 /* Debug */ = {
			isa = XCBuildConfiguration;
			buildSettings = {
				ASSETCATALOG_COMPILER_APPICON_NAME = AppIcon;
				ASSETCATALOG_COMPILER_GLOBAL_ACCENT_COLOR_NAME = AccentColor;
				CODE_SIGN_STYLE = Automatic;
				CURRENT_PROJECT_VERSION = 1;
				DEVELOPMENT_TEAM = ZAF4VGV8W6;
				GENERATE_INFOPLIST_FILE = YES;
				INFOPLIST_FILE = TriangleAppTDD/Info.plist;
				INFOPLIST_KEY_UIApplicationSupportsIndirectInputEvents = YES;
				INFOPLIST_KEY_UILaunchStoryboardName = LaunchScreen;
				INFOPLIST_KEY_UIMainStoryboardFile = Main;
				INFOPLIST_KEY_UISupportedInterfaceOrientations_iPad = "UIInterfaceOrientationPortrait UIInterfaceOrientationPortraitUpsideDown UIInterfaceOrientationLandscapeLeft UIInterfaceOrientationLandscapeRight";
				INFOPLIST_KEY_UISupportedInterfaceOrientations_iPhone = "UIInterfaceOrientationPortrait UIInterfaceOrientationLandscapeLeft UIInterfaceOrientationLandscapeRight";
				LD_RUNPATH_SEARCH_PATHS = (
					"$(inherited)",
					"@executable_path/Frameworks",
				);
				MARKETING_VERSION = 1.0;
				PRODUCT_BUNDLE_IDENTIFIER = irsyad.ashari.TriangleAppTDD;
				PRODUCT_NAME = "$(TARGET_NAME)";
				SWIFT_EMIT_LOC_STRINGS = YES;
				SWIFT_VERSION = 5.0;
				TARGETED_DEVICE_FAMILY = "1,2";
			};
			name = Debug;
		};
		BFF334662798385300838BA1 /* Release */ = {
			isa = XCBuildConfiguration;
			buildSettings = {
				ASSETCATALOG_COMPILER_APPICON_NAME = AppIcon;
				ASSETCATALOG_COMPILER_GLOBAL_ACCENT_COLOR_NAME = AccentColor;
				CODE_SIGN_STYLE = Automatic;
				CURRENT_PROJECT_VERSION = 1;
				DEVELOPMENT_TEAM = ZAF4VGV8W6;
				GENERATE_INFOPLIST_FILE = YES;
				INFOPLIST_FILE = TriangleAppTDD/Info.plist;
				INFOPLIST_KEY_UIApplicationSupportsIndirectInputEvents = YES;
				INFOPLIST_KEY_UILaunchStoryboardName = LaunchScreen;
				INFOPLIST_KEY_UIMainStoryboardFile = Main;
				INFOPLIST_KEY_UISupportedInterfaceOrientations_iPad = "UIInterfaceOrientationPortrait UIInterfaceOrientationPortraitUpsideDown UIInterfaceOrientationLandscapeLeft UIInterfaceOrientationLandscapeRight";
				INFOPLIST_KEY_UISupportedInterfaceOrientations_iPhone = "UIInterfaceOrientationPortrait UIInterfaceOrientationLandscapeLeft UIInterfaceOrientationLandscapeRight";
				LD_RUNPATH_SEARCH_PATHS = (
					"$(inherited)",
					"@executable_path/Frameworks",
				);
				MARKETING_VERSION = 1.0;
				PRODUCT_BUNDLE_IDENTIFIER = irsyad.ashari.TriangleAppTDD;
				PRODUCT_NAME = "$(TARGET_NAME)";
				SWIFT_EMIT_LOC_STRINGS = YES;
				SWIFT_VERSION = 5.0;
				TARGETED_DEVICE_FAMILY = "1,2";
			};
			name = Release;
		};
		BFF334682798385300838BA1 /* Debug */ = {
			isa = XCBuildConfiguration;
			buildSettings = {
				ALWAYS_EMBED_SWIFT_STANDARD_LIBRARIES = YES;
				BUNDLE_LOADER = "$(TEST_HOST)";
				CODE_SIGN_STYLE = Automatic;
				CURRENT_PROJECT_VERSION = 1;
				DEVELOPMENT_TEAM = ZAF4VGV8W6;
				GENERATE_INFOPLIST_FILE = YES;
				IPHONEOS_DEPLOYMENT_TARGET = 15.2;
				MARKETING_VERSION = 1.0;
				PRODUCT_BUNDLE_IDENTIFIER = irsyad.ashari.TriangleAppTDDTests;
				PRODUCT_NAME = "$(TARGET_NAME)";
				SWIFT_EMIT_LOC_STRINGS = NO;
				SWIFT_VERSION = 5.0;
				TARGETED_DEVICE_FAMILY = "1,2";
				TEST_HOST = "$(BUILT_PRODUCTS_DIR)/TriangleAppTDD.app/TriangleAppTDD";
			};
			name = Debug;
		};
		BFF334692798385300838BA1 /* Release */ = {
			isa = XCBuildConfiguration;
			buildSettings = {
				ALWAYS_EMBED_SWIFT_STANDARD_LIBRARIES = YES;
				BUNDLE_LOADER = "$(TEST_HOST)";
				CODE_SIGN_STYLE = Automatic;
				CURRENT_PROJECT_VERSION = 1;
				DEVELOPMENT_TEAM = ZAF4VGV8W6;
				GENERATE_INFOPLIST_FILE = YES;
				IPHONEOS_DEPLOYMENT_TARGET = 15.2;
				MARKETING_VERSION = 1.0;
				PRODUCT_BUNDLE_IDENTIFIER = irsyad.ashari.TriangleAppTDDTests;
				PRODUCT_NAME = "$(TARGET_NAME)";
				SWIFT_EMIT_LOC_STRINGS = NO;
				SWIFT_VERSION = 5.0;
				TARGETED_DEVICE_FAMILY = "1,2";
				TEST_HOST = "$(BUILT_PRODUCTS_DIR)/TriangleAppTDD.app/TriangleAppTDD";
			};
			name = Release;
		};
		BFF3346B2798385300838BA1 /* Debug */ = {
			isa = XCBuildConfiguration;
			buildSettings = {
				ALWAYS_EMBED_SWIFT_STANDARD_LIBRARIES = YES;
				CODE_SIGN_STYLE = Automatic;
				CURRENT_PROJECT_VERSION = 1;
				DEVELOPMENT_TEAM = ZAF4VGV8W6;
				GENERATE_INFOPLIST_FILE = YES;
				MARKETING_VERSION = 1.0;
				PRODUCT_BUNDLE_IDENTIFIER = irsyad.ashari.TriangleAppTDDUITests;
				PRODUCT_NAME = "$(TARGET_NAME)";
				SWIFT_EMIT_LOC_STRINGS = NO;
				SWIFT_VERSION = 5.0;
				TARGETED_DEVICE_FAMILY = "1,2";
				TEST_TARGET_NAME = TriangleAppTDD;
			};
			name = Debug;
		};
		BFF3346C2798385300838BA1 /* Release */ = {
			isa = XCBuildConfiguration;
			buildSettings = {
				ALWAYS_EMBED_SWIFT_STANDARD_LIBRARIES = YES;
				CODE_SIGN_STYLE = Automatic;
				CURRENT_PROJECT_VERSION = 1;
				DEVELOPMENT_TEAM = ZAF4VGV8W6;
				GENERATE_INFOPLIST_FILE = YES;
				MARKETING_VERSION = 1.0;
				PRODUCT_BUNDLE_IDENTIFIER = irsyad.ashari.TriangleAppTDDUITests;
				PRODUCT_NAME = "$(TARGET_NAME)";
				SWIFT_EMIT_LOC_STRINGS = NO;
				SWIFT_VERSION = 5.0;
				TARGETED_DEVICE_FAMILY = "1,2";
				TEST_TARGET_NAME = TriangleAppTDD;
			};
			name = Release;
		};
/* End XCBuildConfiguration section */

/* Begin XCConfigurationList section */
		BFF334352798385200838BA1 /* Build configuration list for PBXProject "TriangleAppTDD" */ = {
			isa = XCConfigurationList;
			buildConfigurations = (
				BFF334622798385300838BA1 /* Debug */,
				BFF334632798385300838BA1 /* Release */,
			);
			defaultConfigurationIsVisible = 0;
			defaultConfigurationName = Release;
		};
		BFF334642798385300838BA1 /* Build configuration list for PBXNativeTarget "TriangleAppTDD" */ = {
			isa = XCConfigurationList;
			buildConfigurations = (
				BFF334652798385300838BA1 /* Debug */,
				BFF334662798385300838BA1 /* Release */,
			);
			defaultConfigurationIsVisible = 0;
			defaultConfigurationName = Release;
		};
		BFF334672798385300838BA1 /* Build configuration list for PBXNativeTarget "TriangleAppTDDTests" */ = {
			isa = XCConfigurationList;
			buildConfigurations = (
				BFF334682798385300838BA1 /* Debug */,
				BFF334692798385300838BA1 /* Release */,
			);
			defaultConfigurationIsVisible = 0;
			defaultConfigurationName = Release;
		};
		BFF3346A2798385300838BA1 /* Build configuration list for PBXNativeTarget "TriangleAppTDDUITests" */ = {
			isa = XCConfigurationList;
			buildConfigurations = (
				BFF3346B2798385300838BA1 /* Debug */,
				BFF3346C2798385300838BA1 /* Release */,
			);
			defaultConfigurationIsVisible = 0;
			defaultConfigurationName = Release;
		};
/* End XCConfigurationList section */
	};
	rootObject = BFF334322798385200838BA1 /* Project object */;
}
